
Microsoft Visual Studio Solution File, Format Version 12.00
# Visual Studio Version 17
VisualStudioVersion = 17.0.31912.275
MinimumVisualStudioVersion = 10.0.40219.1
Project("{FAE04EC0-301F-11D3-BF4B-00C04F79EFBC}") = "GeneratorHasel", "ConsoleApp1\GeneratorHasel.csproj", "{95FBE9B1-FE35-48F6-BCF2-21EC26274984}"
EndProject
Global
	GlobalSection(SolutionConfigurationPlatforms) = preSolution
		Debug|Any CPU = Debug|Any CPU
		Release|Any CPU = Release|Any CPU
	EndGlobalSection
	GlobalSection(ProjectConfigurationPlatforms) = postSolution
		{95FBE9B1-FE35-48F6-BCF2-21EC26274984}.Debug|Any CPU.ActiveCfg = Debug|Any CPU
		{95FBE9B1-FE35-48F6-BCF2-21EC26274984}.Debug|Any CPU.Build.0 = Debug|Any CPU
		{95FBE9B1-FE35-48F6-BCF2-21EC26274984}.Release|Any CPU.ActiveCfg = Release|Any CPU
		{95FBE9B1-FE35-48F6-BCF2-21EC26274984}.Release|Any CPU.Build.0 = Release|Any CPU
	EndGlobalSection
	GlobalSection(SolutionProperties) = preSolution
		HideSolutionNode = FALSE
	EndGlobalSection
	GlobalSection(ExtensibilityGlobals) = postSolution
		SolutionGuid = {0DD2096F-0B4F-46B8-B1D4-DDC858380C87}
	EndGlobalSection
EndGlobal
